
Microsoft Visual Studio Solution File, Format Version 12.00
# Visual Studio Version 16
VisualStudioVersion = 16.0.29001.49
MinimumVisualStudioVersion = 10.0.40219.1
Project("{FAE04EC0-301F-11D3-BF4B-00C04F79EFBC}") = "ArrayManipulator", "ArrayManipulator\ArrayManipulator.csproj", "{9F7DEAE6-9D48-473C-A32F-A39723DD3876}"
EndProject
Global
	GlobalSection(SolutionConfigurationPlatforms) = preSolution
		Debug|Any CPU = Debug|Any CPU
		Release|Any CPU = Release|Any CPU
	EndGlobalSection
	GlobalSection(ProjectConfigurationPlatforms) = postSolution
		{9F7DEAE6-9D48-473C-A32F-A39723DD3876}.Debug|Any CPU.ActiveCfg = Debug|Any CPU
		{9F7DEAE6-9D48-473C-A32F-A39723DD3876}.Debug|Any CPU.Build.0 = Debug|Any CPU
		{9F7DEAE6-9D48-473C-A32F-A39723DD3876}.Release|Any CPU.ActiveCfg = Release|Any CPU
		{9F7DEAE6-9D48-473C-A32F-A39723DD3876}.Release|Any CPU.Build.0 = Release|Any CPU
	EndGlobalSection
	GlobalSection(SolutionProperties) = preSolution
		HideSolutionNode = FALSE
	EndGlobalSection
	GlobalSection(ExtensibilityGlobals) = postSolution
		SolutionGuid = {E13E6538-E5C3-48B5-8BEC-23564CE88CB3}
	EndGlobalSection
EndGlobal
