
Microsoft Visual Studio Solution File, Format Version 12.00
# Visual Studio 15
VisualStudioVersion = 15.0.28307.421
MinimumVisualStudioVersion = 10.0.40219.1
Project("{FAE04EC0-301F-11D3-BF4B-00C04F79EFBC}") = "For-Cycle-Task8.1", "For-Cycle-Task8.1\For-Cycle-Task8.1.csproj", "{6040720D-5E8D-45D0-A471-1716AEC2267A}"
EndProject
Global
	GlobalSection(SolutionConfigurationPlatforms) = preSolution
		Debug|Any CPU = Debug|Any CPU
		Release|Any CPU = Release|Any CPU
	EndGlobalSection
	GlobalSection(ProjectConfigurationPlatforms) = postSolution
		{6040720D-5E8D-45D0-A471-1716AEC2267A}.Debug|Any CPU.ActiveCfg = Debug|Any CPU
		{6040720D-5E8D-45D0-A471-1716AEC2267A}.Debug|Any CPU.Build.0 = Debug|Any CPU
		{6040720D-5E8D-45D0-A471-1716AEC2267A}.Release|Any CPU.ActiveCfg = Release|Any CPU
		{6040720D-5E8D-45D0-A471-1716AEC2267A}.Release|Any CPU.Build.0 = Release|Any CPU
	EndGlobalSection
	GlobalSection(SolutionProperties) = preSolution
		HideSolutionNode = FALSE
	EndGlobalSection
	GlobalSection(ExtensibilityGlobals) = postSolution
		SolutionGuid = {AC122D21-A9DF-4465-A321-C6350F206B02}
	EndGlobalSection
EndGlobal
