
Microsoft Visual Studio Solution File, Format Version 12.00
# Visual Studio 15
VisualStudioVersion = 15.0.28307.421
MinimumVisualStudioVersion = 10.0.40219.1
Project("{FAE04EC0-301F-11D3-BF4B-00C04F79EFBC}") = "For-cycle-Task4", "For-cycle-Task4\For-cycle-Task4.csproj", "{F8C5952B-1B26-4C6C-BB8C-E658D339742A}"
EndProject
Global
	GlobalSection(SolutionConfigurationPlatforms) = preSolution
		Debug|Any CPU = Debug|Any CPU
		Release|Any CPU = Release|Any CPU
	EndGlobalSection
	GlobalSection(ProjectConfigurationPlatforms) = postSolution
		{F8C5952B-1B26-4C6C-BB8C-E658D339742A}.Debug|Any CPU.ActiveCfg = Debug|Any CPU
		{F8C5952B-1B26-4C6C-BB8C-E658D339742A}.Debug|Any CPU.Build.0 = Debug|Any CPU
		{F8C5952B-1B26-4C6C-BB8C-E658D339742A}.Release|Any CPU.ActiveCfg = Release|Any CPU
		{F8C5952B-1B26-4C6C-BB8C-E658D339742A}.Release|Any CPU.Build.0 = Release|Any CPU
	EndGlobalSection
	GlobalSection(SolutionProperties) = preSolution
		HideSolutionNode = FALSE
	EndGlobalSection
	GlobalSection(ExtensibilityGlobals) = postSolution
		SolutionGuid = {4F4E222C-2F0A-4B07-B9E4-E674DFA72EAD}
	EndGlobalSection
EndGlobal
